
Microsoft Visual Studio Solution File, Format Version 12.00
# Visual Studio 15
VisualStudioVersion = 15.0.26403.3
MinimumVisualStudioVersion = 10.0.40219.1
Project("{FAE04EC0-301F-11D3-BF4B-00C04F79EFBC}") = "FriendOrganizer.UI", "FriendOrganizer.UI\FriendOrganizer.UI.csproj", "{61ADF2C3-4703-406A-9B94-BFD75D8AEA91}"
EndProject
Project("{FAE04EC0-301F-11D3-BF4B-00C04F79EFBC}") = "FriendOrganizer.DataAccess", "FriendOrganizer.DataAccess\FriendOrganizer.DataAccess.csproj", "{1DAEFF81-2922-48B2-87D3-B57DC26E67C9}"
EndProject
Project("{FAE04EC0-301F-11D3-BF4B-00C04F79EFBC}") = "FriendOrganizer.Model", "FriendOrganizer.Model\FriendOrganizer.Model.csproj", "{3943529C-DD85-4EC1-908E-93409B052684}"
EndProject
Global
	GlobalSection(SolutionConfigurationPlatforms) = preSolution
		Debug|Any CPU = Debug|Any CPU
		Release|Any CPU = Release|Any CPU
	EndGlobalSection
	GlobalSection(ProjectConfigurationPlatforms) = postSolution
		{61ADF2C3-4703-406A-9B94-BFD75D8AEA91}.Debug|Any CPU.ActiveCfg = Debug|Any CPU
		{61ADF2C3-4703-406A-9B94-BFD75D8AEA91}.Debug|Any CPU.Build.0 = Debug|Any CPU
		{61ADF2C3-4703-406A-9B94-BFD75D8AEA91}.Release|Any CPU.ActiveCfg = Release|Any CPU
		{61ADF2C3-4703-406A-9B94-BFD75D8AEA91}.Release|Any CPU.Build.0 = Release|Any CPU
		{1DAEFF81-2922-48B2-87D3-B57DC26E67C9}.Debug|Any CPU.ActiveCfg = Debug|Any CPU
		{1DAEFF81-2922-48B2-87D3-B57DC26E67C9}.Debug|Any CPU.Build.0 = Debug|Any CPU
		{1DAEFF81-2922-48B2-87D3-B57DC26E67C9}.Release|Any CPU.ActiveCfg = Release|Any CPU
		{1DAEFF81-2922-48B2-87D3-B57DC26E67C9}.Release|Any CPU.Build.0 = Release|Any CPU
		{3943529C-DD85-4EC1-908E-93409B052684}.Debug|Any CPU.ActiveCfg = Debug|Any CPU
		{3943529C-DD85-4EC1-908E-93409B052684}.Debug|Any CPU.Build.0 = Debug|Any CPU
		{3943529C-DD85-4EC1-908E-93409B052684}.Release|Any CPU.ActiveCfg = Release|Any CPU
		{3943529C-DD85-4EC1-908E-93409B052684}.Release|Any CPU.Build.0 = Release|Any CPU
	EndGlobalSection
	GlobalSection(SolutionProperties) = preSolution
		HideSolutionNode = FALSE
	EndGlobalSection
EndGlobal
